<?xml version="1.0" encoding="utf-8"?>
<Project ToolsVersion="4.0" xmlns="http://schemas.microsoft.com/developer/msbuild/2003">
  <ItemGroup>
    <ClCompile Include="src\ArticlePresenters\APresenterWebView2.cpp">
      <Filter>Source\ArticlePresenters</Filter>
    </ClCompile>
    <ClCompile Include="src\ArticlePresenters\APresenter.cpp">
      <Filter>Source\ArticlePresenters</Filter>
    </ClCompile>
    <ClCompile Include="src\ArticlePresenters\APresenterBWidget.cpp">
      <Filter>Source\ArticlePresenters</Filter>
    </ClCompile>
    <ClCompile Include="src\ArticlePresenters\APresenterMiniWke.cpp">
      <Filter>Source\ArticlePresenters</Filter>
    </ClCompile>
    <ClCompile Include="src\ArticlePresenters\APresenterMiniblink.cpp">
      <Filter>Source\ArticlePresenters</Filter>
    </ClCompile>
    <ClCompile Include="src\ArticlePresenters\CheckFailure.cpp">
      <Filter>Source\ArticlePresenters</Filter>
    </ClCompile>
    <ClCompile Include="src\PluginDefinition.cpp">
      <Filter>Source</Filter>
    </ClCompile>
    <ClCompile Include="src\MarkdownText.cpp">
      <Filter>Source</Filter>
    </ClCompile>
    <ClCompile Include="..\CPPCommon\common_patch.cpp">
      <Filter>Source\PluginFeatures</Filter>
    </ClCompile>
    <ClCompile Include="..\CPPCommon\ProfileStd.cpp">
      <Filter>Source\PluginFeatures</Filter>
    </ClCompile>
    <ClCompile Include="..\CPPCommon\ToolbarPanel.cpp">
      <Filter>Source\PluginFeatures</Filter>
    </ClCompile>
    <ClCompile Include="..\..\PowerEditor\src\WinControls\ImageListSet\ImageListSet.cpp">
      <Filter>Source\PluginFeatures</Filter>
    </ClCompile>
    <ClCompile Include="src\SU.cpp">
      <Filter>Source</Filter>
    </ClCompile>
    <ClCompile Include="src\DialogFeatures\MDTextDlg.cpp">
      <Filter>Source\DialogFeatures</Filter>
    </ClCompile>
    <ClCompile Include="src\DialogFeatures\SelfCtrl.cpp">
      <Filter>Source\DialogFeatures</Filter>
    </ClCompile>
    <ClCompile Include="..\..\PowerEditor\src\WinControls\StaticDialog\StaticDialog.cpp">
      <Filter>Source\DialogFeatures</Filter>
    </ClCompile>
    <ClCompile Include="..\..\PowerEditor\src\WinControls\ToolBar\ToolBar.cpp">
      <Filter>Source\PluginFeatures</Filter>
    </ClCompile>
  </ItemGroup>
  <ItemGroup>
    <ClInclude Include="src\ArticlePresenters\APresenterMiniblink.h">
      <Filter>Source\ArticlePresenters</Filter>
    </ClInclude>
    <ClInclude Include="src\ArticlePresenters\APresenterWebView2.h">
      <Filter>Source\ArticlePresenters</Filter>
    </ClInclude>
    <ClInclude Include="src\ArticlePresenters\ArticlePresenter.h">
      <Filter>Source\ArticlePresenters</Filter>
    </ClInclude>
    <ClInclude Include="src\ArticlePresenters\APresenter.h">
      <Filter>Source\ArticlePresenters</Filter>
    </ClInclude>
    <ClInclude Include="src\ArticlePresenters\APresenterBWidget.h">
      <Filter>Source\ArticlePresenters</Filter>
    </ClInclude>
    <ClInclude Include="src\ArticlePresenters\CheckFailure.h">
      <Filter>Source\ArticlePresenters</Filter>
    </ClInclude>
    <ClInclude Include="src\PluginDefinition.h">
      <Filter>Source</Filter>
    </ClInclude>
    <ClInclude Include="..\CPPCommon\ProfileStd.h">
      <Filter>Source\PluginFeatures</Filter>
    </ClInclude>
    <ClInclude Include="src\stdafx.h">
      <Filter>Source</Filter>
    </ClInclude>
    <ClInclude Include="..\CPPCommon\ToolbarPanel.h">
      <Filter>Source\PluginFeatures</Filter>
    </ClInclude>
    <ClInclude Include="src\menuCmdID.h">
      <Filter>Source\PluginFeatures</Filter>
    </ClInclude>
    <ClInclude Include="src\SU.h">
      <Filter>Source</Filter>
    </ClInclude>
    <ClInclude Include="src\DialogFeatures\MDTextDlg.h">
      <Filter>Source\DialogFeatures</Filter>
    </ClInclude>
    <ClInclude Include="src\DialogFeatures\resource.h">
      <Filter>Source\DialogFeatures</Filter>
    </ClInclude>
    <ClInclude Include="src\DialogFeatures\SelfCtrl.h">
      <Filter>Source\DialogFeatures</Filter>
    </ClInclude>
    <ClInclude Include="src\DialogFeatures\afxres.h">
      <Filter>Source\DialogFeatures</Filter>
    </ClInclude>
    <ClInclude Include="src\DialogFeatures\Docking.h">
      <Filter>Source\DialogFeatures</Filter>
    </ClInclude>
    <ClInclude Include="src\DialogFeatures\dockingResource.h">
      <Filter>Source\DialogFeatures</Filter>
    </ClInclude>
    <ClInclude Include="..\..\PowerEditor\src\WinControls\ToolBar\ToolBar.h">
      <Filter>Source\PluginFeatures</Filter>
    </ClInclude>
  </ItemGroup>
  <ItemGroup>
    <Image Include="res\icon1.ico">
      <Filter>resource</Filter>
    </Image>
    <Image Include="res\italic.ico">
      <Filter>resource</Filter>
    </Image>
    <Image Include="res\loc.ico">
      <Filter>resource</Filter>
    </Image>
    <Image Include="res\markdown.ico">
      <Filter>resource</Filter>
    </Image>
    <Image Include="res\markdown-toolbar-icons.ico">
      <Filter>resource</Filter>
    </Image>
    <Image Include="res\next.ico">
      <Filter>resource</Filter>
    </Image>
    <Image Include="res\next_act.ico">
      <Filter>resource</Filter>
    </Image>
    <Image Include="res\next_off.ico">
      <Filter>resource</Filter>
    </Image>
    <Image Include="res\next1.ico">
      <Filter>resource</Filter>
    </Image>
    <Image Include="res\next1_act.ico">
      <Filter>resource</Filter>
    </Image>
    <Image Include="res\next1_off.ico">
      <Filter>resource</Filter>
    </Image>
    <Image Include="res\next16.bmp">
      <Filter>resource</Filter>
    </Image>
    <Image Include="res\prev_act.ico">
      <Filter>resource</Filter>
    </Image>
    <Image Include="res\prev_off.ico">
      <Filter>resource</Filter>
    </Image>
    <Image Include="res\prev1.ico">
      <Filter>resource</Filter>
    </Image>
    <Image Include="res\prev1_act.ico">
      <Filter>resource</Filter>
    </Image>
    <Image Include="res\prev1_off.ico">
      <Filter>resource</Filter>
    </Image>
    <Image Include="res\previous16.bmp">
      <Filter>resource</Filter>
    </Image>
    <Image Include="res\refresh.ico">
      <Filter>resource</Filter>
    </Image>
    <Image Include="res\up.ico">
      <Filter>resource</Filter>
    </Image>
    <Image Include="res\zoom_in.ico">
      <Filter>resource</Filter>
    </Image>
    <Image Include="res\zoom_out.ico">
      <Filter>resource</Filter>
    </Image>
    <Image Include="res\briefname.ico">
      <Filter>resource</Filter>
    </Image>
    <Image Include="res\cnext16.bmp">
      <Filter>resource</Filter>
    </Image>
    <Image Include="res\cog.ico">
      <Filter>resource</Filter>
    </Image>
    <Image Include="res\cprevious16.bmp">
      <Filter>resource</Filter>
    </Image>
    <Image Include="res\delta.ico">
      <Filter>resource</Filter>
    </Image>
    <Image Include="res\dev.ico">
      <Filter>resource</Filter>
    </Image>
    <Image Include="res\down.ico">
      <Filter>resource</Filter>
    </Image>
  </ItemGroup>
  <ItemGroup>
    <None Include="packages.config" />
  </ItemGroup>
  <ItemGroup>
    <Filter Include="Source">
      <UniqueIdentifier>{70547a0e-51df-4e1d-9d9b-39220ba483db}</UniqueIdentifier>
    </Filter>
    <Filter Include="Source\ArticlePresenters">
      <UniqueIdentifier>{554a2a7e-fdb2-49c4-bd89-a1c04aa38a00}</UniqueIdentifier>
    </Filter>
    <Filter Include="resource">
      <UniqueIdentifier>{e731caf8-c0fc-4e12-aacb-306c9ec8d044}</UniqueIdentifier>
    </Filter>
    <Filter Include="Source\DialogFeatures">
      <UniqueIdentifier>{ab498a0b-67a4-4783-8997-62b8ff83549e}</UniqueIdentifier>
    </Filter>
    <Filter Include="Source\PluginFeatures">
      <UniqueIdentifier>{ec89e0a4-c31c-47bc-9681-5b141f6808dd}</UniqueIdentifier>
    </Filter>
  </ItemGroup>
  <ItemGroup>
    <ResourceCompile Include="src\DialogFeatures\MDText.rc">
      <Filter>Source\DialogFeatures</Filter>
    </ResourceCompile>
  </ItemGroup>
</Project>