<?xml version="1.0" encoding="utf-8"?>
<Project ToolsVersion="4.0" xmlns="http://schemas.microsoft.com/developer/msbuild/2003">
  <ItemGroup>
    <ClCompile Include="src\ArticlePresenters\APresenterWebView2.cpp">
      <Filter>Source\ArticlePresenters</Filter>
    </ClCompile>
    <ClCompile Include="src\ArticlePresenters\APresenter.cpp">
      <Filter>Source\ArticlePresenters</Filter>
    </ClCompile>
    <ClCompile Include="src\ArticlePresenters\APresenterBWidget.cpp">
      <Filter>Source\ArticlePresenters</Filter>
    </ClCompile>
    <ClCompile Include="src\ArticlePresenters\APresenterMiniWke.cpp">
      <Filter>Source\ArticlePresenters</Filter>
    </ClCompile>
    <ClCompile Include="src\ArticlePresenters\APresenterMiniblink.cpp">
      <Filter>Source\ArticlePresenters</Filter>
    </ClCompile>
    <ClCompile Include="src\ArticlePresenters\CheckFailure.cpp">
      <Filter>Source\ArticlePresenters</Filter>
    </ClCompile>
    <ClCompile Include="src\PluginDefinition.cpp">
      <Filter>Source</Filter>
    </ClCompile>
    <ClCompile Include="src\MarkdownText.cpp">
      <Filter>Source</Filter>
    </ClCompile>
    <ClCompile Include="..\CPPCommon\common_patch.cpp">
      <Filter>Source\PluginFeatures</Filter>
    </ClCompile>
    <ClCompile Include="..\CPPCommon\ProfileStd.cpp">
      <Filter>Source\PluginFeatures</Filter>
    </ClCompile>
    <ClCompile Include="..\CPPCommon\ToolbarPanel.cpp">
      <Filter>Source\PluginFeatures</Filter>
    </ClCompile>
    <ClCompile Include="..\..\PowerEditor\src\WinControls\ImageListSet\ImageListSet.cpp">
      <Filter>Source\PluginFeatures</Filter>
    </ClCompile>
    <ClCompile Include="src\SU.cpp">
      <Filter>Source</Filter>
    </ClCompile>
    <ClCompile Include="src\DialogFeatures\MDTextDlg.cpp">
      <Filter>Source\DialogFeatures</Filter>
    </ClCompile>
    <ClCompile Include="..\..\PowerEditor\src\WinControls\StaticDialog\StaticDialog.cpp">
      <Filter>Source\DialogFeatures</Filter>
    </ClCompile>
    <ClCompile Include="src\DialogFeatures\OptionsDlg.cpp">
      <Filter>Source\DialogFeatures</Filter>
    </ClCompile>
    <ClCompile Include="..\DirectUILib\DuiLib\ControlEx\UIBeautifulSwitch.cpp">
      <Filter>Source\DuiLibFeatures</Filter>
    </ClCompile>
    <ClCompile Include="..\DirectUILib\DuiLib\ControlEx\DuiLibTranslator.cpp">
      <Filter>Source\DuiLibFeatures</Filter>
    </ClCompile>
    <ClCompile Include="..\..\PowerEditor\src\WinControls\ToolBar\ToolBar.cpp">
      <Filter>Source\PluginFeatures</Filter>
    </ClCompile>
    <ClCompile Include="..\..\PowerEditor\src\WinControls\InsituDebug.cpp">
      <Filter>Source\PluginFeatures</Filter>
    </ClCompile>
    <ClCompile Include="..\..\PowerEditor\src\NppDarkMode.cpp">
      <Filter>Source\DarkMode</Filter>
    </ClCompile>
    <ClCompile Include="..\..\PowerEditor\src\DarkMode\DarkMode.cpp">
      <Filter>Source\DarkMode</Filter>
    </ClCompile>
    <ClCompile Include="..\..\PowerEditor\src\WinControls\Window.cpp">
      <Filter>Source\DialogFeatures</Filter>
    </ClCompile>
  </ItemGroup>
  <ItemGroup>
    <ClInclude Include="src\ArticlePresenters\APresenterMiniblink.h">
      <Filter>Source\ArticlePresenters</Filter>
    </ClInclude>
    <ClInclude Include="src\ArticlePresenters\APresenterWebView2.h">
      <Filter>Source\ArticlePresenters</Filter>
    </ClInclude>
    <ClInclude Include="src\ArticlePresenters\ArticlePresenter.h">
      <Filter>Source\ArticlePresenters</Filter>
    </ClInclude>
    <ClInclude Include="src\ArticlePresenters\APresenter.h">
      <Filter>Source\ArticlePresenters</Filter>
    </ClInclude>
    <ClInclude Include="src\ArticlePresenters\APresenterBWidget.h">
      <Filter>Source\ArticlePresenters</Filter>
    </ClInclude>
    <ClInclude Include="src\ArticlePresenters\CheckFailure.h">
      <Filter>Source\ArticlePresenters</Filter>
    </ClInclude>
    <ClInclude Include="src\PluginDefinition.h">
      <Filter>Source</Filter>
    </ClInclude>
    <ClInclude Include="..\CPPCommon\ProfileStd.h">
      <Filter>Source\PluginFeatures</Filter>
    </ClInclude>
    <ClInclude Include="src\stdafx.h">
      <Filter>Source</Filter>
    </ClInclude>
    <ClInclude Include="..\CPPCommon\ToolbarPanel.h">
      <Filter>Source\PluginFeatures</Filter>
    </ClInclude>
    <ClInclude Include="src\menuCmdID.h">
      <Filter>Source\PluginFeatures</Filter>
    </ClInclude>
    <ClInclude Include="src\SU.h">
      <Filter>Source</Filter>
    </ClInclude>
    <ClInclude Include="src\DialogFeatures\MDTextDlg.h">
      <Filter>Source\DialogFeatures</Filter>
    </ClInclude>
    <ClInclude Include="src\DialogFeatures\resource.h">
      <Filter>Source\DialogFeatures</Filter>
    </ClInclude>
    <ClInclude Include="src\DialogFeatures\afxres.h">
      <Filter>Source\DialogFeatures</Filter>
    </ClInclude>
    <ClInclude Include="src\DialogFeatures\Docking.h">
      <Filter>Source\DialogFeatures</Filter>
    </ClInclude>
    <ClInclude Include="src\DialogFeatures\dockingResource.h">
      <Filter>Source\DialogFeatures</Filter>
    </ClInclude>
    <ClInclude Include="..\..\PowerEditor\src\WinControls\ToolBar\ToolBar.h">
      <Filter>Source\PluginFeatures</Filter>
    </ClInclude>
    <ClInclude Include="..\..\PowerEditor\src\MISC\PluginsManager\PluginInterface.h">
      <Filter>Source\PluginFeatures</Filter>
    </ClInclude>
    <ClInclude Include="src\DialogFeatures\OptionsDlg.h">
      <Filter>Source\DialogFeatures</Filter>
    </ClInclude>
    <ClInclude Include="..\DirectUILib\DuiLib\ControlEx\UIBeautifulSwitch.h">
      <Filter>Source\DuiLibFeatures</Filter>
    </ClInclude>
    <ClInclude Include="src\ArticlePresenters\APresentee.h">
      <Filter>Source\ArticlePresenters</Filter>
    </ClInclude>
    <ClInclude Include="src\DialogFeatures\MDTextToolbar.h">
      <Filter>Source\DialogFeatures</Filter>
    </ClInclude>
    <ClInclude Include="src\DialogFeatures\WarningDlg.hpp">
      <Filter>Source\DialogFeatures</Filter>
    </ClInclude>
    <ClInclude Include="..\DirectUILib\DuiLib\ControlEx\DuiLibTranslator.h">
      <Filter>Source\DuiLibFeatures</Filter>
    </ClInclude>
    <ClInclude Include="src\ArticlePresenters\Miniblink\mb.h">
      <Filter>Source\ArticlePresenters\Miniblink</Filter>
    </ClInclude>
    <ClInclude Include="src\ArticlePresenters\Miniblink\wke.h">
      <Filter>Source\ArticlePresenters\Miniblink</Filter>
    </ClInclude>
    <ClInclude Include="..\..\PowerEditor\src\WinControls\InsituDebug.h">
      <Filter>Source\PluginFeatures</Filter>
    </ClInclude>
    <ClInclude Include="..\..\PowerEditor\src\NppDarkMode.h">
      <Filter>Source\DarkMode</Filter>
    </ClInclude>
    <ClInclude Include="..\..\PowerEditor\src\DarkMode\DarkMode.h">
      <Filter>Source\DarkMode</Filter>
    </ClInclude>
    <ClInclude Include="..\..\PowerEditor\src\DarkMode\IatHook.h">
      <Filter>Source\DarkMode</Filter>
    </ClInclude>
    <ClInclude Include="..\..\PowerEditor\src\DarkMode\UAHMenuBar.h">
      <Filter>Source\DarkMode</Filter>
    </ClInclude>
  </ItemGroup>
  <ItemGroup>
    <Image Include="res\icon1.ico">
      <Filter>resource</Filter>
    </Image>
    <Image Include="res\italic.ico">
      <Filter>resource</Filter>
    </Image>
    <Image Include="res\loc.ico">
      <Filter>resource</Filter>
    </Image>
    <Image Include="res\markdown.ico">
      <Filter>resource</Filter>
    </Image>
    <Image Include="res\markdown-toolbar-icons.ico">
      <Filter>resource</Filter>
    </Image>
    <Image Include="res\next.ico">
      <Filter>resource</Filter>
    </Image>
    <Image Include="res\next_act.ico">
      <Filter>resource</Filter>
    </Image>
    <Image Include="res\next_off.ico">
      <Filter>resource</Filter>
    </Image>
    <Image Include="res\next1.ico">
      <Filter>resource</Filter>
    </Image>
    <Image Include="res\next1_act.ico">
      <Filter>resource</Filter>
    </Image>
    <Image Include="res\next1_off.ico">
      <Filter>resource</Filter>
    </Image>
    <Image Include="res\next16.bmp">
      <Filter>resource</Filter>
    </Image>
    <Image Include="res\prev_act.ico">
      <Filter>resource</Filter>
    </Image>
    <Image Include="res\prev_off.ico">
      <Filter>resource</Filter>
    </Image>
    <Image Include="res\prev1.ico">
      <Filter>resource</Filter>
    </Image>
    <Image Include="res\prev1_act.ico">
      <Filter>resource</Filter>
    </Image>
    <Image Include="res\prev1_off.ico">
      <Filter>resource</Filter>
    </Image>
    <Image Include="res\previous16.bmp">
      <Filter>resource</Filter>
    </Image>
    <Image Include="res\refresh.ico">
      <Filter>resource</Filter>
    </Image>
    <Image Include="res\up.ico">
      <Filter>resource</Filter>
    </Image>
    <Image Include="res\zoom_in.ico">
      <Filter>resource</Filter>
    </Image>
    <Image Include="res\zoom_out.ico">
      <Filter>resource</Filter>
    </Image>
    <Image Include="res\briefname.ico">
      <Filter>resource</Filter>
    </Image>
    <Image Include="res\cnext16.bmp">
      <Filter>resource</Filter>
    </Image>
    <Image Include="res\cog.ico">
      <Filter>resource</Filter>
    </Image>
    <Image Include="res\cprevious16.bmp">
      <Filter>resource</Filter>
    </Image>
    <Image Include="res\delta.ico">
      <Filter>resource</Filter>
    </Image>
    <Image Include="res\dev.ico">
      <Filter>resource</Filter>
    </Image>
    <Image Include="res\down.ico">
      <Filter>resource</Filter>
    </Image>
    <Image Include="res\markdown.bmp">
      <Filter>resource</Filter>
    </Image>
  </ItemGroup>
  <ItemGroup>
    <None Include="packages.config" />
    <None Include="res\skin\wv2.xml">
      <Filter>resource\skin</Filter>
    </None>
    <None Include="res\skin\Combo_mir.bmp">
      <Filter>resource\skin</Filter>
    </None>
    <None Include="res\skin\Combo_nor.bmp">
      <Filter>resource\skin</Filter>
    </None>
    <None Include="res\skin\Combo_over.bmp">
      <Filter>resource\skin</Filter>
    </None>
    <None Include="res\skin\settings.xml">
      <Filter>resource\skin</Filter>
    </None>
    <None Include="res\skin\Button\btn.png">
      <Filter>resource\skin\button</Filter>
    </None>
    <None Include="res\skin\ig.xml">
      <Filter>resource\skin</Filter>
    </None>
    <None Include="res\skin\defaults.xml">
      <Filter>resource\skin</Filter>
    </None>
    <None Include="res\skin\txt.xml">
      <Filter>resource\skin</Filter>
    </None>
  </ItemGroup>
  <ItemGroup>
    <Filter Include="Source">
      <UniqueIdentifier>{70547a0e-51df-4e1d-9d9b-39220ba483db}</UniqueIdentifier>
    </Filter>
    <Filter Include="Source\ArticlePresenters">
      <UniqueIdentifier>{554a2a7e-fdb2-49c4-bd89-a1c04aa38a00}</UniqueIdentifier>
    </Filter>
    <Filter Include="resource">
      <UniqueIdentifier>{e731caf8-c0fc-4e12-aacb-306c9ec8d044}</UniqueIdentifier>
    </Filter>
    <Filter Include="Source\DialogFeatures">
      <UniqueIdentifier>{ab498a0b-67a4-4783-8997-62b8ff83549e}</UniqueIdentifier>
    </Filter>
    <Filter Include="Source\PluginFeatures">
      <UniqueIdentifier>{ec89e0a4-c31c-47bc-9681-5b141f6808dd}</UniqueIdentifier>
    </Filter>
    <Filter Include="Source\DuiLibFeatures">
      <UniqueIdentifier>{26699e81-eb55-4044-82b4-90e0b40b9f08}</UniqueIdentifier>
    </Filter>
    <Filter Include="resource\skin">
      <UniqueIdentifier>{e8a13a08-f070-4c18-b055-1d59c73e8d74}</UniqueIdentifier>
    </Filter>
    <Filter Include="resource\skin\button">
      <UniqueIdentifier>{7e3f3e8c-a82b-4b64-8f20-584c919abeed}</UniqueIdentifier>
    </Filter>
    <Filter Include="Source\ArticlePresenters\Miniblink">
      <UniqueIdentifier>{944ef1d0-f130-461c-89a3-ef0873037e3b}</UniqueIdentifier>
    </Filter>
    <Filter Include="Source\DarkMode">
      <UniqueIdentifier>{8dacdecd-e9f2-484e-ba80-ff421b699ed9}</UniqueIdentifier>
    </Filter>
  </ItemGroup>
  <ItemGroup>
    <ResourceCompile Include="src\DialogFeatures\MDText.rc">
      <Filter>Source\DialogFeatures</Filter>
    </ResourceCompile>
  </ItemGroup>
</Project>