<?xml version="1.0" encoding="utf-8"?>
<Project ToolsVersion="4.0" xmlns="http://schemas.microsoft.com/developer/msbuild/2003">
  <ItemGroup>
    <ClCompile Include="DockingFeature\MDTextDlg.cpp" />
    <ClCompile Include="DockingFeature\SelfCtrl.cpp" />
    <ClCompile Include="MarkDownText.cpp" />
    <ClCompile Include="PluginDefinition.cpp" />
    <ClCompile Include="..\..\PowerEditor\src\WinControls\StaticDialog\StaticDialog.cpp" />
    <ClCompile Include="..\CPPCommon\common_patch.cpp" />
    <ClCompile Include="..\CPPCommon\ToolbarPanel.cpp" />
    <ClCompile Include="..\..\PowerEditor\src\WinControls\ImageListSet\ImageListSet.cpp" />
    <ClCompile Include="..\..\PowerEditor\src\WinControls\ToolBar\ToolBar.cpp" />
    <ClCompile Include="..\CPPCommon\ProfileStd.cpp" />
    <ClCompile Include="DockingFeature\SU.cpp" />
    <ClCompile Include="src\ArticlePresenters\APresenterWebView2.cpp">
      <Filter>Source\ArticlePresenters</Filter>
    </ClCompile>
    <ClCompile Include="src\ArticlePresenters\APresenter.cpp">
      <Filter>Source\ArticlePresenters</Filter>
    </ClCompile>
    <ClCompile Include="src\ArticlePresenters\APresenterBWidget.cpp">
      <Filter>Source\ArticlePresenters</Filter>
    </ClCompile>
    <ClCompile Include="src\ArticlePresenters\APresenterMiniWke.cpp">
      <Filter>Source\ArticlePresenters</Filter>
    </ClCompile>
    <ClCompile Include="src\ArticlePresenters\APresenterMiniblink.cpp">
      <Filter>Source\ArticlePresenters</Filter>
    </ClCompile>
    <ClCompile Include="src\ArticlePresenters\CheckFailure.cpp">
      <Filter>Source\ArticlePresenters</Filter>
    </ClCompile>
  </ItemGroup>
  <ItemGroup>
    <ClInclude Include="DockingFeature\MDTextDlg.h" />
    <ClInclude Include="DockingFeature\resource.h" />
    <ClInclude Include="DockingFeature\SelfCtrl.h" />
    <ClInclude Include="menuCmdID.h" />
    <ClInclude Include="PluginDefinition.h" />
    <ClInclude Include="..\CPPCommon\ToolbarPanel.h" />
    <ClInclude Include="stdafx.h" />
    <ClInclude Include="..\CPPCommon\ProfileStd.h" />
    <ClInclude Include="DockingFeature\SU.h" />
    <ClInclude Include="src\ArticlePresenters\APresenterMiniblink.h">
      <Filter>Source\ArticlePresenters</Filter>
    </ClInclude>
    <ClInclude Include="src\ArticlePresenters\APresenterWebView2.h">
      <Filter>Source\ArticlePresenters</Filter>
    </ClInclude>
    <ClInclude Include="src\ArticlePresenters\ArticlePresenter.h">
      <Filter>Source\ArticlePresenters</Filter>
    </ClInclude>
    <ClInclude Include="src\ArticlePresenters\APresenter.h">
      <Filter>Source\ArticlePresenters</Filter>
    </ClInclude>
    <ClInclude Include="src\ArticlePresenters\APresenterBWidget.h">
      <Filter>Source\ArticlePresenters</Filter>
    </ClInclude>
    <ClInclude Include="src\ArticlePresenters\CheckFailure.h">
      <Filter>Source\ArticlePresenters</Filter>
    </ClInclude>
  </ItemGroup>
  <ItemGroup>
    <ResourceCompile Include="DockingFeature\MDText.rc" />
  </ItemGroup>
  <ItemGroup>
    <Image Include="DockingFeature\cnext16.bmp" />
    <Image Include="DockingFeature\cprevious16.bmp" />
    <Image Include="DockingFeature\icon1.ico" />
    <Image Include="DockingFeature\next16.bmp" />
    <Image Include="DockingFeature\previous16.bmp" />
    <Image Include="DockingFeature\next.ico" />
    <Image Include="DockingFeature\next1.ico" />
    <Image Include="DockingFeature\prev1.ico" />
    <Image Include="DockingFeature\prev1_act.ico" />
    <Image Include="DockingFeature\prev1_off.ico" />
    <Image Include="DockingFeature\prev_act.ico" />
    <Image Include="DockingFeature\prev_off.ico" />
    <Image Include="DockingFeature\next1_act.ico" />
    <Image Include="DockingFeature\next1_off.ico" />
    <Image Include="DockingFeature\next_act.ico" />
    <Image Include="DockingFeature\next_off.ico" />
    <Image Include="res\up.bmp" />
    <Image Include="res\down.bmp" />
    <Image Include="res\paste.bmp" />
    <Image Include="res\page_white_stack.bmp" />
    <Image Include="res\brick_go.bmp" />
    <Image Include="res\delete.bmp" />
    <Image Include="res\bin_empty.bmp" />
    <Image Include="res\cog.bmp" />
    <Image Include="res\briefname.bmp" />
    <Image Include="DockingFeature\markdown.ico" />
  </ItemGroup>
  <ItemGroup>
    <None Include="packages.config" />
  </ItemGroup>
  <ItemGroup>
    <Filter Include="Source">
      <UniqueIdentifier>{70547a0e-51df-4e1d-9d9b-39220ba483db}</UniqueIdentifier>
    </Filter>
    <Filter Include="Source\ArticlePresenters">
      <UniqueIdentifier>{554a2a7e-fdb2-49c4-bd89-a1c04aa38a00}</UniqueIdentifier>
    </Filter>
  </ItemGroup>
</Project>